
Microsoft Visual Studio Solution File, Format Version 12.00
# Visual Studio Version 16
VisualStudioVersion = 16.0.31624.102
MinimumVisualStudioVersion = 10.0.40219.1
Project("{8BC9CEB8-8B4A-11D0-8D11-00A0C91BC942}") = "Task8", "Task8\Task8.vcxproj", "{35F63AEA-8898-4512-8422-8B57C41366AD}"
EndProject
Project("{8BC9CEB8-8B4A-11D0-8D11-00A0C91BC942}") = "Task8Tests", "Task8Tests\Task8Tests.vcxproj", "{38B3425C-6EC0-45FC-A4EB-2AFD6C142045}"
EndProject
Global
	GlobalSection(SolutionConfigurationPlatforms) = preSolution
		Debug|x64 = Debug|x64
		Debug|x86 = Debug|x86
		Release|x64 = Release|x64
		Release|x86 = Release|x86
	EndGlobalSection
	GlobalSection(ProjectConfigurationPlatforms) = postSolution
		{35F63AEA-8898-4512-8422-8B57C41366AD}.Debug|x64.ActiveCfg = Debug|x64
		{35F63AEA-8898-4512-8422-8B57C41366AD}.Debug|x64.Build.0 = Debug|x64
		{35F63AEA-8898-4512-8422-8B57C41366AD}.Debug|x86.ActiveCfg = Debug|Win32
		{35F63AEA-8898-4512-8422-8B57C41366AD}.Debug|x86.Build.0 = Debug|Win32
		{35F63AEA-8898-4512-8422-8B57C41366AD}.Release|x64.ActiveCfg = Release|x64
		{35F63AEA-8898-4512-8422-8B57C41366AD}.Release|x64.Build.0 = Release|x64
		{35F63AEA-8898-4512-8422-8B57C41366AD}.Release|x86.ActiveCfg = Release|Win32
		{35F63AEA-8898-4512-8422-8B57C41366AD}.Release|x86.Build.0 = Release|Win32
		{38B3425C-6EC0-45FC-A4EB-2AFD6C142045}.Debug|x64.ActiveCfg = Debug|x64
		{38B3425C-6EC0-45FC-A4EB-2AFD6C142045}.Debug|x64.Build.0 = Debug|x64
		{38B3425C-6EC0-45FC-A4EB-2AFD6C142045}.Debug|x86.ActiveCfg = Debug|Win32
		{38B3425C-6EC0-45FC-A4EB-2AFD6C142045}.Debug|x86.Build.0 = Debug|Win32
		{38B3425C-6EC0-45FC-A4EB-2AFD6C142045}.Release|x64.ActiveCfg = Release|x64
		{38B3425C-6EC0-45FC-A4EB-2AFD6C142045}.Release|x64.Build.0 = Release|x64
		{38B3425C-6EC0-45FC-A4EB-2AFD6C142045}.Release|x86.ActiveCfg = Release|Win32
		{38B3425C-6EC0-45FC-A4EB-2AFD6C142045}.Release|x86.Build.0 = Release|Win32
	EndGlobalSection
	GlobalSection(SolutionProperties) = preSolution
		HideSolutionNode = FALSE
	EndGlobalSection
	GlobalSection(ExtensibilityGlobals) = postSolution
		SolutionGuid = {BFAE61DE-02F6-4C25-B292-98A2CF77C868}
	EndGlobalSection
EndGlobal
